// !$*UTF8*$!
{
	archiveVersion = 1;
	classes = {
	};
	objectVersion = 46;
	objects = {

/* Begin PBXBuildFile section */
		B52CA75F18184E9A0021E14E /* location_48x48.png in Resources */ = {isa = PBXBuildFile; fileRef = B52CA75E18184E9A0021E14E /* location_48x48.png */; };
		B52CA76018184E9A0021E14E /* location_48x48.png in Resources */ = {isa = PBXBuildFile; fileRef = B52CA75E18184E9A0021E14E /* location_48x48.png */; };
		B52CA76218185B8A0021E14E /* video_48x48.png in Resources */ = {isa = PBXBuildFile; fileRef = B52CA76118185B8A0021E14E /* video_48x48.png */; };
		B52CA76318185B8A0021E14E /* video_48x48.png in Resources */ = {isa = PBXBuildFile; fileRef = B52CA76118185B8A0021E14E /* video_48x48.png */; };
		B52CA76518185C9D0021E14E /* doc_48x48.png in Resources */ = {isa = PBXBuildFile; fileRef = B52CA76418185C9D0021E14E /* doc_48x48.png */; };
		B52CA76618185C9D0021E14E /* doc_48x48.png in Resources */ = {isa = PBXBuildFile; fileRef = B52CA76418185C9D0021E14E /* doc_48x48.png */; };
		B52CA76818185DF40021E14E /* directions_48x48.png in Resources */ = {isa = PBXBuildFile; fileRef = B52CA76718185DF40021E14E /* directions_48x48.png */; };
		B52CA76918185DF40021E14E /* directions_48x48.png in Resources */ = {isa = PBXBuildFile; fileRef = B52CA76718185DF40021E14E /* directions_48x48.png */; };
		B5310DBD18282FE90066B539 /* MADPasadoViewController.m in Sources */ = {isa = PBXBuildFile; fileRef = B5310DBC18282FE90066B539 /* MADPasadoViewController.m */; };
		B534049118259A54007DD8DE /* MADMeetup.m in Sources */ = {isa = PBXBuildFile; fileRef = B534049018259A54007DD8DE /* MADMeetup.m */; };
		B534049418259B91007DD8DE /* MADMeetupDireccion.m in Sources */ = {isa = PBXBuildFile; fileRef = B534049318259B91007DD8DE /* MADMeetupDireccion.m */; };
		B545509C1821C02200A07FA0 /* madridjs.png in Resources */ = {isa = PBXBuildFile; fileRef = B545509B1821C02200A07FA0 /* madridjs.png */; };
		B548594518182EA000709B23 /* Foundation.framework in Frameworks */ = {isa = PBXBuildFile; fileRef = B548594418182EA000709B23 /* Foundation.framework */; };
		B548594718182EA000709B23 /* CoreGraphics.framework in Frameworks */ = {isa = PBXBuildFile; fileRef = B548594618182EA000709B23 /* CoreGraphics.framework */; };
		B548594918182EA000709B23 /* UIKit.framework in Frameworks */ = {isa = PBXBuildFile; fileRef = B548594818182EA000709B23 /* UIKit.framework */; };
		B548594F18182EA000709B23 /* InfoPlist.strings in Resources */ = {isa = PBXBuildFile; fileRef = B548594D18182EA000709B23 /* InfoPlist.strings */; };
		B548595118182EA000709B23 /* main.m in Sources */ = {isa = PBXBuildFile; fileRef = B548595018182EA000709B23 /* main.m */; };
		B548595518182EA000709B23 /* ER9AppDelegate.m in Sources */ = {isa = PBXBuildFile; fileRef = B548595418182EA000709B23 /* ER9AppDelegate.m */; };
		B548595818182EA000709B23 /* Main.storyboard in Resources */ = {isa = PBXBuildFile; fileRef = B548595618182EA000709B23 /* Main.storyboard */; };
		B548595D18182EA000709B23 /* Images.xcassets in Resources */ = {isa = PBXBuildFile; fileRef = B548595C18182EA000709B23 /* Images.xcassets */; };
		B548596418182EA000709B23 /* XCTest.framework in Frameworks */ = {isa = PBXBuildFile; fileRef = B548596318182EA000709B23 /* XCTest.framework */; };
		B548596518182EA000709B23 /* Foundation.framework in Frameworks */ = {isa = PBXBuildFile; fileRef = B548594418182EA000709B23 /* Foundation.framework */; };
		B548596618182EA000709B23 /* UIKit.framework in Frameworks */ = {isa = PBXBuildFile; fileRef = B548594818182EA000709B23 /* UIKit.framework */; };
		B548596E18182EA000709B23 /* InfoPlist.strings in Resources */ = {isa = PBXBuildFile; fileRef = B548596C18182EA000709B23 /* InfoPlist.strings */; };
		B548597018182EA000709B23 /* MadridJSTests.m in Sources */ = {isa = PBXBuildFile; fileRef = B548596F18182EA000709B23 /* MadridJSTests.m */; };
		B548597D1818336A00709B23 /* Bar-Chart.png in Resources */ = {isa = PBXBuildFile; fileRef = B548597B1818336A00709B23 /* Bar-Chart.png */; };
		B548597E1818336A00709B23 /* Bar-Chart.png in Resources */ = {isa = PBXBuildFile; fileRef = B548597B1818336A00709B23 /* Bar-Chart.png */; };
		B548597F1818336A00709B23 /* Bar-Chart@2x.png in Resources */ = {isa = PBXBuildFile; fileRef = B548597C1818336A00709B23 /* Bar-Chart@2x.png */; };
		B54859801818336A00709B23 /* Bar-Chart@2x.png in Resources */ = {isa = PBXBuildFile; fileRef = B548597C1818336A00709B23 /* Bar-Chart@2x.png */; };
		B5485983181833E300709B23 /* Browse-3.png in Resources */ = {isa = PBXBuildFile; fileRef = B5485981181833E300709B23 /* Browse-3.png */; };
		B5485984181833E300709B23 /* Browse-3.png in Resources */ = {isa = PBXBuildFile; fileRef = B5485981181833E300709B23 /* Browse-3.png */; };
		B5485985181833E300709B23 /* Browse-3@2x.png in Resources */ = {isa = PBXBuildFile; fileRef = B5485982181833E300709B23 /* Browse-3@2x.png */; };
		B5485986181833E300709B23 /* Browse-3@2x.png in Resources */ = {isa = PBXBuildFile; fileRef = B5485982181833E300709B23 /* Browse-3@2x.png */; };
		B54859881818414000709B23 /* calendar.png in Resources */ = {isa = PBXBuildFile; fileRef = B54859871818414000709B23 /* calendar.png */; };
		B54859891818414000709B23 /* calendar.png in Resources */ = {isa = PBXBuildFile; fileRef = B54859871818414000709B23 /* calendar.png */; };
		B548598B181842E700709B23 /* calendar_48_48.png in Resources */ = {isa = PBXBuildFile; fileRef = B548598A181842E700709B23 /* calendar_48_48.png */; };
		B548598C181842E700709B23 /* calendar_48_48.png in Resources */ = {isa = PBXBuildFile; fileRef = B548598A181842E700709B23 /* calendar_48_48.png */; };
		B548598E1818438D00709B23 /* share_48x48.png in Resources */ = {isa = PBXBuildFile; fileRef = B548598D1818438D00709B23 /* share_48x48.png */; };
		B548598F1818438D00709B23 /* share_48x48.png in Resources */ = {isa = PBXBuildFile; fileRef = B548598D1818438D00709B23 /* share_48x48.png */; };
		B54859911818459300709B23 /* MapKit.framework in Frameworks */ = {isa = PBXBuildFile; fileRef = B54859901818459300709B23 /* MapKit.framework */; };
		B57A3A8718293EE000E477A5 /* info.png in Resources */ = {isa = PBXBuildFile; fileRef = B57A3A8618293EE000E477A5 /* info.png */; };
		B57A3A8918293F9400E477A5 /* user.png in Resources */ = {isa = PBXBuildFile; fileRef = B57A3A8818293F9400E477A5 /* user.png */; };
		B57A3A8D182942C800E477A5 /* MADUtil.m in Sources */ = {isa = PBXBuildFile; fileRef = B57A3A8C182942C800E477A5 /* MADUtil.m */; };
		B58B1551182ABB3600FC1469 /* MADMapa.m in Sources */ = {isa = PBXBuildFile; fileRef = B58B1550182ABB3600FC1469 /* MADMapa.m */; };
		B58B1554182AC42700FC1469 /* MADAnotacion.m in Sources */ = {isa = PBXBuildFile; fileRef = B58B1553182AC42700FC1469 /* MADAnotacion.m */; };
		B58B1557182ADE1D00FC1469 /* config.png in Resources */ = {isa = PBXBuildFile; fileRef = B58B1556182ADE1D00FC1469 /* config.png */; };
		B58B1559182AE3AA00FC1469 /* play.png in Resources */ = {isa = PBXBuildFile; fileRef = B58B1558182AE3AA00FC1469 /* play.png */; };
		B58B155D182AE58F00FC1469 /* MADEventosVC.m in Sources */ = {isa = PBXBuildFile; fileRef = B58B155C182AE58F00FC1469 /* MADEventosVC.m */; };
		B58B1564182AE99800FC1469 /* MADEventoViewCell.m in Sources */ = {isa = PBXBuildFile; fileRef = B58B1563182AE99800FC1469 /* MADEventoViewCell.m */; };
		B58B1566182AF49300FC1469 /* play_btn.png in Resources */ = {isa = PBXBuildFile; fileRef = B58B1565182AF49300FC1469 /* play_btn.png */; };
		B58B1568182AF6B700FC1469 /* play_btn_orange.png in Resources */ = {isa = PBXBuildFile; fileRef = B58B1567182AF6B700FC1469 /* play_btn_orange.png */; };
		B58B156C182AFA5100FC1469 /* play_btn_ortransp.png in Resources */ = {isa = PBXBuildFile; fileRef = B58B156B182AFA5100FC1469 /* play_btn_ortransp.png */; };
		B58B156E182AFC2900FC1469 /* play_btn_ortransp_v2.png in Resources */ = {isa = PBXBuildFile; fileRef = B58B156D182AFC2900FC1469 /* play_btn_ortransp_v2.png */; };
		B58B1570182AFCA800FC1469 /* play_btn_ortransp_v3.png in Resources */ = {isa = PBXBuildFile; fileRef = B58B156F182AFCA800FC1469 /* play_btn_ortransp_v3.png */; };
		B58B1572182B00A600FC1469 /* doc_btn_v1.png in Resources */ = {isa = PBXBuildFile; fileRef = B58B1571182B00A600FC1469 /* doc_btn_v1.png */; };
		B58B1576182B04A400FC1469 /* info_btn_v1.png in Resources */ = {isa = PBXBuildFile; fileRef = B58B1575182B04A400FC1469 /* info_btn_v1.png */; };
		B58B1578182B10EE00FC1469 /* mapa_btn_v1.png in Resources */ = {isa = PBXBuildFile; fileRef = B58B1577182B10EE00FC1469 /* mapa_btn_v1.png */; };
		B58B157A182B128600FC1469 /* calendario_btn_v1.png in Resources */ = {isa = PBXBuildFile; fileRef = B58B1579182B128600FC1469 /* calendario_btn_v1.png */; };
		B58B157D182B133100FC1469 /* MADEventoProxViewCell.m in Sources */ = {isa = PBXBuildFile; fileRef = B58B157C182B133100FC1469 /* MADEventoProxViewCell.m */; };
		B5912882182BEDAE002F74A5 /* Reachability.m in Sources */ = {isa = PBXBuildFile; fileRef = B5912881182BEDAE002F74A5 /* Reachability.m */; };
		B5912884182BEDDF002F74A5 /* SystemConfiguration.framework in Frameworks */ = {isa = PBXBuildFile; fileRef = B5912883182BEDDF002F74A5 /* SystemConfiguration.framework */; };
		B5912886182BF2D7002F74A5 /* refresh_btn_v1.png in Resources */ = {isa = PBXBuildFile; fileRef = B5912885182BF2D7002F74A5 /* refresh_btn_v1.png */; };
		B5912888182BF4F1002F74A5 /* refresh_btn_v2.png in Resources */ = {isa = PBXBuildFile; fileRef = B5912887182BF4F1002F74A5 /* refresh_btn_v2.png */; };
		B591288C182BF9F4002F74A5 /* MADNetworkViewController.m in Sources */ = {isa = PBXBuildFile; fileRef = B591288B182BF9F4002F74A5 /* MADNetworkViewController.m */; };
		B5E0F1FE182FEFD70015DACF /* EventKit.framework in Frameworks */ = {isa = PBXBuildFile; fileRef = B5E0F1FD182FEFD70015DACF /* EventKit.framework */; };
		B5E0F201182FF3510015DACF /* MADEventoCalendario.m in Sources */ = {isa = PBXBuildFile; fileRef = B5E0F200182FF3510015DACF /* MADEventoCalendario.m */; };
		B5ED791E182038F5002D9A76 /* MADAutenticacionViewController.m in Sources */ = {isa = PBXBuildFile; fileRef = B5ED791D182038F5002D9A76 /* MADAutenticacionViewController.m */; };
		B5ED792618205A2F002D9A76 /* MADBackend.m in Sources */ = {isa = PBXBuildFile; fileRef = B5ED792518205A2F002D9A76 /* MADBackend.m */; };
		B5FC183C182734F900938D8D /* MADLoginViewController.m in Sources */ = {isa = PBXBuildFile; fileRef = B5FC183B182734F900938D8D /* MADLoginViewController.m */; };
/* End PBXBuildFile section */

/* Begin PBXContainerItemProxy section */
		B548596718182EA000709B23 /* PBXContainerItemProxy */ = {
			isa = PBXContainerItemProxy;
			containerPortal = B548593918182EA000709B23 /* Project object */;
			proxyType = 1;
			remoteGlobalIDString = B548594018182EA000709B23;
			remoteInfo = MadridJS;
		};
/* End PBXContainerItemProxy section */

/* Begin PBXFileReference section */
		B52CA75E18184E9A0021E14E /* location_48x48.png */ = {isa = PBXFileReference; lastKnownFileType = image.png; path = location_48x48.png; sourceTree = "<group>"; };
		B52CA76118185B8A0021E14E /* video_48x48.png */ = {isa = PBXFileReference; lastKnownFileType = image.png; path = video_48x48.png; sourceTree = "<group>"; };
		B52CA76418185C9D0021E14E /* doc_48x48.png */ = {isa = PBXFileReference; lastKnownFileType = image.png; path = doc_48x48.png; sourceTree = "<group>"; };
		B52CA76718185DF40021E14E /* directions_48x48.png */ = {isa = PBXFileReference; lastKnownFileType = image.png; path = directions_48x48.png; sourceTree = "<group>"; };
		B5310DBB18282FE90066B539 /* MADPasadoViewController.h */ = {isa = PBXFileReference; fileEncoding = 4; lastKnownFileType = sourcecode.c.h; name = MADPasadoViewController.h; path = src/Eventos/MADPasadoViewController.h; sourceTree = "<group>"; };
		B5310DBC18282FE90066B539 /* MADPasadoViewController.m */ = {isa = PBXFileReference; fileEncoding = 4; lastKnownFileType = sourcecode.c.objc; name = MADPasadoViewController.m; path = src/Eventos/MADPasadoViewController.m; sourceTree = "<group>"; };
		B534048F18259A54007DD8DE /* MADMeetup.h */ = {isa = PBXFileReference; fileEncoding = 4; lastKnownFileType = sourcecode.c.h; path = MADMeetup.h; sourceTree = "<group>"; };
		B534049018259A54007DD8DE /* MADMeetup.m */ = {isa = PBXFileReference; fileEncoding = 4; lastKnownFileType = sourcecode.c.objc; path = MADMeetup.m; sourceTree = "<group>"; };
		B534049218259B91007DD8DE /* MADMeetupDireccion.h */ = {isa = PBXFileReference; fileEncoding = 4; lastKnownFileType = sourcecode.c.h; name = MADMeetupDireccion.h; path = src/Backend/MADMeetupDireccion.h; sourceTree = "<group>"; };
		B534049318259B91007DD8DE /* MADMeetupDireccion.m */ = {isa = PBXFileReference; fileEncoding = 4; lastKnownFileType = sourcecode.c.objc; name = MADMeetupDireccion.m; path = src/Backend/MADMeetupDireccion.m; sourceTree = "<group>"; };
		B545509B1821C02200A07FA0 /* madridjs.png */ = {isa = PBXFileReference; lastKnownFileType = image.png; path = madridjs.png; sourceTree = "<group>"; };
		B548594118182EA000709B23 /* MadridJS.app */ = {isa = PBXFileReference; explicitFileType = wrapper.application; includeInIndex = 0; path = MadridJS.app; sourceTree = BUILT_PRODUCTS_DIR; };
		B548594418182EA000709B23 /* Foundation.framework */ = {isa = PBXFileReference; lastKnownFileType = wrapper.framework; name = Foundation.framework; path = System/Library/Frameworks/Foundation.framework; sourceTree = SDKROOT; };
		B548594618182EA000709B23 /* CoreGraphics.framework */ = {isa = PBXFileReference; lastKnownFileType = wrapper.framework; name = CoreGraphics.framework; path = System/Library/Frameworks/CoreGraphics.framework; sourceTree = SDKROOT; };
		B548594818182EA000709B23 /* UIKit.framework */ = {isa = PBXFileReference; lastKnownFileType = wrapper.framework; name = UIKit.framework; path = System/Library/Frameworks/UIKit.framework; sourceTree = SDKROOT; };
		B548594C18182EA000709B23 /* MadridJS-Info.plist */ = {isa = PBXFileReference; lastKnownFileType = text.plist.xml; path = "MadridJS-Info.plist"; sourceTree = "<group>"; };
		B548594E18182EA000709B23 /* en */ = {isa = PBXFileReference; lastKnownFileType = text.plist.strings; name = en; path = en.lproj/InfoPlist.strings; sourceTree = "<group>"; };
		B548595018182EA000709B23 /* main.m */ = {isa = PBXFileReference; lastKnownFileType = sourcecode.c.objc; path = main.m; sourceTree = "<group>"; };
		B548595218182EA000709B23 /* MadridJS-Prefix.pch */ = {isa = PBXFileReference; lastKnownFileType = sourcecode.c.h; path = "MadridJS-Prefix.pch"; sourceTree = "<group>"; };
		B548595318182EA000709B23 /* ER9AppDelegate.h */ = {isa = PBXFileReference; lastKnownFileType = sourcecode.c.h; path = ER9AppDelegate.h; sourceTree = "<group>"; };
		B548595418182EA000709B23 /* ER9AppDelegate.m */ = {isa = PBXFileReference; lastKnownFileType = sourcecode.c.objc; path = ER9AppDelegate.m; sourceTree = "<group>"; };
		B548595718182EA000709B23 /* Base */ = {isa = PBXFileReference; lastKnownFileType = file.storyboard; name = Base; path = Base.lproj/Main.storyboard; sourceTree = "<group>"; };
		B548595C18182EA000709B23 /* Images.xcassets */ = {isa = PBXFileReference; lastKnownFileType = folder.assetcatalog; path = Images.xcassets; sourceTree = "<group>"; };
		B548596218182EA000709B23 /* MadridJSTests.xctest */ = {isa = PBXFileReference; explicitFileType = wrapper.cfbundle; includeInIndex = 0; path = MadridJSTests.xctest; sourceTree = BUILT_PRODUCTS_DIR; };
		B548596318182EA000709B23 /* XCTest.framework */ = {isa = PBXFileReference; lastKnownFileType = wrapper.framework; name = XCTest.framework; path = Library/Frameworks/XCTest.framework; sourceTree = DEVELOPER_DIR; };
		B548596B18182EA000709B23 /* MadridJSTests-Info.plist */ = {isa = PBXFileReference; lastKnownFileType = text.plist.xml; path = "MadridJSTests-Info.plist"; sourceTree = "<group>"; };
		B548596D18182EA000709B23 /* en */ = {isa = PBXFileReference; lastKnownFileType = text.plist.strings; name = en; path = en.lproj/InfoPlist.strings; sourceTree = "<group>"; };
		B548596F18182EA000709B23 /* MadridJSTests.m */ = {isa = PBXFileReference; lastKnownFileType = sourcecode.c.objc; path = MadridJSTests.m; sourceTree = "<group>"; };
		B548597B1818336A00709B23 /* Bar-Chart.png */ = {isa = PBXFileReference; lastKnownFileType = image.png; path = "Bar-Chart.png"; sourceTree = "<group>"; };
		B548597C1818336A00709B23 /* Bar-Chart@2x.png */ = {isa = PBXFileReference; lastKnownFileType = image.png; path = "Bar-Chart@2x.png"; sourceTree = "<group>"; };
		B5485981181833E300709B23 /* Browse-3.png */ = {isa = PBXFileReference; lastKnownFileType = image.png; path = "Browse-3.png"; sourceTree = "<group>"; };
		B5485982181833E300709B23 /* Browse-3@2x.png */ = {isa = PBXFileReference; lastKnownFileType = image.png; path = "Browse-3@2x.png"; sourceTree = "<group>"; };
		B54859871818414000709B23 /* calendar.png */ = {isa = PBXFileReference; lastKnownFileType = image.png; path = calendar.png; sourceTree = "<group>"; };
		B548598A181842E700709B23 /* calendar_48_48.png */ = {isa = PBXFileReference; lastKnownFileType = image.png; path = calendar_48_48.png; sourceTree = "<group>"; };
		B548598D1818438D00709B23 /* share_48x48.png */ = {isa = PBXFileReference; lastKnownFileType = image.png; path = share_48x48.png; sourceTree = "<group>"; };
		B54859901818459300709B23 /* MapKit.framework */ = {isa = PBXFileReference; lastKnownFileType = wrapper.framework; name = MapKit.framework; path = System/Library/Frameworks/MapKit.framework; sourceTree = SDKROOT; };
		B57A3A8618293EE000E477A5 /* info.png */ = {isa = PBXFileReference; lastKnownFileType = image.png; path = info.png; sourceTree = "<group>"; };
		B57A3A8818293F9400E477A5 /* user.png */ = {isa = PBXFileReference; lastKnownFileType = image.png; path = user.png; sourceTree = "<group>"; };
		B57A3A8B182942C800E477A5 /* MADUtil.h */ = {isa = PBXFileReference; fileEncoding = 4; lastKnownFileType = sourcecode.c.h; name = MADUtil.h; path = src/util/MADUtil.h; sourceTree = "<group>"; };
		B57A3A8C182942C800E477A5 /* MADUtil.m */ = {isa = PBXFileReference; fileEncoding = 4; lastKnownFileType = sourcecode.c.objc; name = MADUtil.m; path = src/util/MADUtil.m; sourceTree = "<group>"; };
		B58B154F182ABB3600FC1469 /* MADMapa.h */ = {isa = PBXFileReference; fileEncoding = 4; lastKnownFileType = sourcecode.c.h; name = MADMapa.h; path = src/ui/MADMapa.h; sourceTree = "<group>"; };
		B58B1550182ABB3600FC1469 /* MADMapa.m */ = {isa = PBXFileReference; fileEncoding = 4; lastKnownFileType = sourcecode.c.objc; name = MADMapa.m; path = src/ui/MADMapa.m; sourceTree = "<group>"; };
		B58B1552182AC42700FC1469 /* MADAnotacion.h */ = {isa = PBXFileReference; fileEncoding = 4; lastKnownFileType = sourcecode.c.h; path = MADAnotacion.h; sourceTree = "<group>"; };
		B58B1553182AC42700FC1469 /* MADAnotacion.m */ = {isa = PBXFileReference; fileEncoding = 4; lastKnownFileType = sourcecode.c.objc; path = MADAnotacion.m; sourceTree = "<group>"; };
		B58B1556182ADE1D00FC1469 /* config.png */ = {isa = PBXFileReference; lastKnownFileType = image.png; path = config.png; sourceTree = "<group>"; };
		B58B1558182AE3AA00FC1469 /* play.png */ = {isa = PBXFileReference; lastKnownFileType = image.png; path = play.png; sourceTree = "<group>"; };
		B58B155B182AE58F00FC1469 /* MADEventosVC.h */ = {isa = PBXFileReference; fileEncoding = 4; lastKnownFileType = sourcecode.c.h; path = MADEventosVC.h; sourceTree = "<group>"; };
		B58B155C182AE58F00FC1469 /* MADEventosVC.m */ = {isa = PBXFileReference; fileEncoding = 4; lastKnownFileType = sourcecode.c.objc; path = MADEventosVC.m; sourceTree = "<group>"; };
		B58B1562182AE99800FC1469 /* MADEventoViewCell.h */ = {isa = PBXFileReference; fileEncoding = 4; lastKnownFileType = sourcecode.c.h; name = MADEventoViewCell.h; path = ../MADEventoViewCell.h; sourceTree = "<group>"; };
		B58B1563182AE99800FC1469 /* MADEventoViewCell.m */ = {isa = PBXFileReference; fileEncoding = 4; lastKnownFileType = sourcecode.c.objc; name = MADEventoViewCell.m; path = ../MADEventoViewCell.m; sourceTree = "<group>"; };
		B58B1565182AF49300FC1469 /* play_btn.png */ = {isa = PBXFileReference; lastKnownFileType = image.png; path = play_btn.png; sourceTree = "<group>"; };
		B58B1567182AF6B700FC1469 /* play_btn_orange.png */ = {isa = PBXFileReference; lastKnownFileType = image.png; path = play_btn_orange.png; sourceTree = "<group>"; };
		B58B156B182AFA5100FC1469 /* play_btn_ortransp.png */ = {isa = PBXFileReference; lastKnownFileType = image.png; path = play_btn_ortransp.png; sourceTree = "<group>"; };
		B58B156D182AFC2900FC1469 /* play_btn_ortransp_v2.png */ = {isa = PBXFileReference; lastKnownFileType = image.png; path = play_btn_ortransp_v2.png; sourceTree = "<group>"; };
		B58B156F182AFCA800FC1469 /* play_btn_ortransp_v3.png */ = {isa = PBXFileReference; lastKnownFileType = image.png; path = play_btn_ortransp_v3.png; sourceTree = "<group>"; };
		B58B1571182B00A600FC1469 /* doc_btn_v1.png */ = {isa = PBXFileReference; lastKnownFileType = image.png; path = doc_btn_v1.png; sourceTree = "<group>"; };
		B58B1575182B04A400FC1469 /* info_btn_v1.png */ = {isa = PBXFileReference; lastKnownFileType = image.png; path = info_btn_v1.png; sourceTree = "<group>"; };
		B58B1577182B10EE00FC1469 /* mapa_btn_v1.png */ = {isa = PBXFileReference; lastKnownFileType = image.png; path = mapa_btn_v1.png; sourceTree = "<group>"; };
		B58B1579182B128600FC1469 /* calendario_btn_v1.png */ = {isa = PBXFileReference; lastKnownFileType = image.png; path = calendario_btn_v1.png; sourceTree = "<group>"; };
		B58B157B182B133000FC1469 /* MADEventoProxViewCell.h */ = {isa = PBXFileReference; fileEncoding = 4; lastKnownFileType = sourcecode.c.h; path = MADEventoProxViewCell.h; sourceTree = "<group>"; };
		B58B157C182B133100FC1469 /* MADEventoProxViewCell.m */ = {isa = PBXFileReference; fileEncoding = 4; lastKnownFileType = sourcecode.c.objc; path = MADEventoProxViewCell.m; sourceTree = "<group>"; };
		B5912880182BEDAE002F74A5 /* Reachability.h */ = {isa = PBXFileReference; fileEncoding = 4; lastKnownFileType = sourcecode.c.h; path = Reachability.h; sourceTree = "<group>"; };
		B5912881182BEDAE002F74A5 /* Reachability.m */ = {isa = PBXFileReference; fileEncoding = 4; lastKnownFileType = sourcecode.c.objc; path = Reachability.m; sourceTree = "<group>"; };
		B5912883182BEDDF002F74A5 /* SystemConfiguration.framework */ = {isa = PBXFileReference; lastKnownFileType = wrapper.framework; name = SystemConfiguration.framework; path = System/Library/Frameworks/SystemConfiguration.framework; sourceTree = SDKROOT; };
		B5912885182BF2D7002F74A5 /* refresh_btn_v1.png */ = {isa = PBXFileReference; lastKnownFileType = image.png; path = refresh_btn_v1.png; sourceTree = "<group>"; };
		B5912887182BF4F1002F74A5 /* refresh_btn_v2.png */ = {isa = PBXFileReference; lastKnownFileType = image.png; path = refresh_btn_v2.png; sourceTree = "<group>"; };
		B591288A182BF9F4002F74A5 /* MADNetworkViewController.h */ = {isa = PBXFileReference; fileEncoding = 4; lastKnownFileType = sourcecode.c.h; path = MADNetworkViewController.h; sourceTree = "<group>"; };
		B591288B182BF9F4002F74A5 /* MADNetworkViewController.m */ = {isa = PBXFileReference; fileEncoding = 4; lastKnownFileType = sourcecode.c.objc; path = MADNetworkViewController.m; sourceTree = "<group>"; };
		B5912894182C3023002F74A5 /* Constantes.h */ = {isa = PBXFileReference; lastKnownFileType = sourcecode.c.h; path = Constantes.h; sourceTree = "<group>"; };
		B5E0F1FD182FEFD70015DACF /* EventKit.framework */ = {isa = PBXFileReference; lastKnownFileType = wrapper.framework; name = EventKit.framework; path = System/Library/Frameworks/EventKit.framework; sourceTree = SDKROOT; };
		B5E0F1FF182FF3510015DACF /* MADEventoCalendario.h */ = {isa = PBXFileReference; fileEncoding = 4; lastKnownFileType = sourcecode.c.h; path = MADEventoCalendario.h; sourceTree = "<group>"; };
		B5E0F200182FF3510015DACF /* MADEventoCalendario.m */ = {isa = PBXFileReference; fileEncoding = 4; lastKnownFileType = sourcecode.c.objc; path = MADEventoCalendario.m; sourceTree = "<group>"; };
		B5ED791C182038F5002D9A76 /* MADAutenticacionViewController.h */ = {isa = PBXFileReference; fileEncoding = 4; lastKnownFileType = sourcecode.c.h; name = MADAutenticacionViewController.h; path = src/Autenticacion/MADAutenticacionViewController.h; sourceTree = "<group>"; };
		B5ED791D182038F5002D9A76 /* MADAutenticacionViewController.m */ = {isa = PBXFileReference; fileEncoding = 4; lastKnownFileType = sourcecode.c.objc; name = MADAutenticacionViewController.m; path = src/Autenticacion/MADAutenticacionViewController.m; sourceTree = "<group>"; };
		B5ED792418205A2F002D9A76 /* MADBackend.h */ = {isa = PBXFileReference; fileEncoding = 4; lastKnownFileType = sourcecode.c.h; name = MADBackend.h; path = src/Backend/MADBackend.h; sourceTree = "<group>"; };
		B5ED792518205A2F002D9A76 /* MADBackend.m */ = {isa = PBXFileReference; fileEncoding = 4; lastKnownFileType = sourcecode.c.objc; name = MADBackend.m; path = src/Backend/MADBackend.m; sourceTree = "<group>"; };
		B5FC183A182734F900938D8D /* MADLoginViewController.h */ = {isa = PBXFileReference; fileEncoding = 4; lastKnownFileType = sourcecode.c.h; name = MADLoginViewController.h; path = src/Autenticacion/MADLoginViewController.h; sourceTree = "<group>"; };
		B5FC183B182734F900938D8D /* MADLoginViewController.m */ = {isa = PBXFileReference; fileEncoding = 4; lastKnownFileType = sourcecode.c.objc; name = MADLoginViewController.m; path = src/Autenticacion/MADLoginViewController.m; sourceTree = "<group>"; };
/* End PBXFileReference section */

/* Begin PBXFrameworksBuildPhase section */
		B548593E18182EA000709B23 /* Frameworks */ = {
			isa = PBXFrameworksBuildPhase;
			buildActionMask = 2147483647;
			files = (
				B5E0F1FE182FEFD70015DACF /* EventKit.framework in Frameworks */,
				B5912884182BEDDF002F74A5 /* SystemConfiguration.framework in Frameworks */,
				B54859911818459300709B23 /* MapKit.framework in Frameworks */,
				B548594718182EA000709B23 /* CoreGraphics.framework in Frameworks */,
				B548594918182EA000709B23 /* UIKit.framework in Frameworks */,
				B548594518182EA000709B23 /* Foundation.framework in Frameworks */,
			);
			runOnlyForDeploymentPostprocessing = 0;
		};
		B548595F18182EA000709B23 /* Frameworks */ = {
			isa = PBXFrameworksBuildPhase;
			buildActionMask = 2147483647;
			files = (
				B548596418182EA000709B23 /* XCTest.framework in Frameworks */,
				B548596618182EA000709B23 /* UIKit.framework in Frameworks */,
				B548596518182EA000709B23 /* Foundation.framework in Frameworks */,
			);
			runOnlyForDeploymentPostprocessing = 0;
		};
/* End PBXFrameworksBuildPhase section */

/* Begin PBXGroup section */
		B548593818182EA000709B23 = {
			isa = PBXGroup;
			children = (
				B548594A18182EA000709B23 /* MadridJS */,
				B548596918182EA000709B23 /* MadridJSTests */,
				B548594318182EA000709B23 /* Frameworks */,
				B548594218182EA000709B23 /* Products */,
			);
			sourceTree = "<group>";
		};
		B548594218182EA000709B23 /* Products */ = {
			isa = PBXGroup;
			children = (
				B548594118182EA000709B23 /* MadridJS.app */,
				B548596218182EA000709B23 /* MadridJSTests.xctest */,
			);
			name = Products;
			sourceTree = "<group>";
		};
		B548594318182EA000709B23 /* Frameworks */ = {
			isa = PBXGroup;
			children = (
				B5E0F1FD182FEFD70015DACF /* EventKit.framework */,
				B5912883182BEDDF002F74A5 /* SystemConfiguration.framework */,
				B54859901818459300709B23 /* MapKit.framework */,
				B548594418182EA000709B23 /* Foundation.framework */,
				B548594618182EA000709B23 /* CoreGraphics.framework */,
				B548594818182EA000709B23 /* UIKit.framework */,
				B548596318182EA000709B23 /* XCTest.framework */,
			);
			name = Frameworks;
			sourceTree = "<group>";
		};
		B548594A18182EA000709B23 /* MadridJS */ = {
			isa = PBXGroup;
			children = (
				B591288D182C0297002F74A5 /* Configuracion */,
				B57A3A8A182942AB00E477A5 /* Util */,
				B5ED7923182059F8002D9A76 /* BackEnd */,
				B5ED791F18204D7F002D9A76 /* Eventos */,
				B5ED791518203065002D9A76 /* OAuth */,
				B548597A1818335C00709B23 /* IMG */,
				B548595318182EA000709B23 /* ER9AppDelegate.h */,
				B548595418182EA000709B23 /* ER9AppDelegate.m */,
				B548595618182EA000709B23 /* Main.storyboard */,
				B548595C18182EA000709B23 /* Images.xcassets */,
				B548594B18182EA000709B23 /* Supporting Files */,
			);
			path = MadridJS;
			sourceTree = "<group>";
		};
		B548594B18182EA000709B23 /* Supporting Files */ = {
			isa = PBXGroup;
			children = (
				B548594C18182EA000709B23 /* MadridJS-Info.plist */,
				B548594D18182EA000709B23 /* InfoPlist.strings */,
				B548595018182EA000709B23 /* main.m */,
				B548595218182EA000709B23 /* MadridJS-Prefix.pch */,
			);
			name = "Supporting Files";
			sourceTree = "<group>";
		};
		B548596918182EA000709B23 /* MadridJSTests */ = {
			isa = PBXGroup;
			children = (
				B548596F18182EA000709B23 /* MadridJSTests.m */,
				B548596A18182EA000709B23 /* Supporting Files */,
			);
			path = MadridJSTests;
			sourceTree = "<group>";
		};
		B548596A18182EA000709B23 /* Supporting Files */ = {
			isa = PBXGroup;
			children = (
				B548596B18182EA000709B23 /* MadridJSTests-Info.plist */,
				B548596C18182EA000709B23 /* InfoPlist.strings */,
			);
			name = "Supporting Files";
			sourceTree = "<group>";
		};
		B548597A1818335C00709B23 /* IMG */ = {
			isa = PBXGroup;
			children = (
				B58B1555182ADE0F00FC1469 /* New UI */,
				B57A3A8818293F9400E477A5 /* user.png */,
				B57A3A8618293EE000E477A5 /* info.png */,
				B545509B1821C02200A07FA0 /* madridjs.png */,
				B52CA76718185DF40021E14E /* directions_48x48.png */,
				B52CA76418185C9D0021E14E /* doc_48x48.png */,
				B52CA76118185B8A0021E14E /* video_48x48.png */,
				B52CA75E18184E9A0021E14E /* location_48x48.png */,
				B548598A181842E700709B23 /* calendar_48_48.png */,
				B548598D1818438D00709B23 /* share_48x48.png */,
				B54859871818414000709B23 /* calendar.png */,
				B5485981181833E300709B23 /* Browse-3.png */,
				B5485982181833E300709B23 /* Browse-3@2x.png */,
				B548597B1818336A00709B23 /* Bar-Chart.png */,
				B548597C1818336A00709B23 /* Bar-Chart@2x.png */,
			);
			name = IMG;
			sourceTree = "<group>";
		};
		B57A3A8A182942AB00E477A5 /* Util */ = {
			isa = PBXGroup;
			children = (
				B591287F182BEDA3002F74A5 /* network */,
				B57A3A8B182942C800E477A5 /* MADUtil.h */,
				B57A3A8C182942C800E477A5 /* MADUtil.m */,
			);
			name = Util;
			sourceTree = "<group>";
		};
		B58B154D182AB68000FC1469 /* visor */ = {
			isa = PBXGroup;
			children = (
				B5310DBB18282FE90066B539 /* MADPasadoViewController.h */,
				B5310DBC18282FE90066B539 /* MADPasadoViewController.m */,
			);
			name = visor;
			sourceTree = "<group>";
		};
		B58B154E182ABB1600FC1469 /* mapa */ = {
			isa = PBXGroup;
			children = (
				B58B154F182ABB3600FC1469 /* MADMapa.h */,
				B58B1550182ABB3600FC1469 /* MADMapa.m */,
				B58B1552182AC42700FC1469 /* MADAnotacion.h */,
				B58B1553182AC42700FC1469 /* MADAnotacion.m */,
			);
			name = mapa;
			sourceTree = "<group>";
		};
		B58B1555182ADE0F00FC1469 /* New UI */ = {
			isa = PBXGroup;
			children = (
				B5912887182BF4F1002F74A5 /* refresh_btn_v2.png */,
				B5912885182BF2D7002F74A5 /* refresh_btn_v1.png */,
				B58B1579182B128600FC1469 /* calendario_btn_v1.png */,
				B58B1577182B10EE00FC1469 /* mapa_btn_v1.png */,
				B58B1575182B04A400FC1469 /* info_btn_v1.png */,
				B58B1571182B00A600FC1469 /* doc_btn_v1.png */,
				B58B156F182AFCA800FC1469 /* play_btn_ortransp_v3.png */,
				B58B156D182AFC2900FC1469 /* play_btn_ortransp_v2.png */,
				B58B156B182AFA5100FC1469 /* play_btn_ortransp.png */,
				B58B1567182AF6B700FC1469 /* play_btn_orange.png */,
				B58B1565182AF49300FC1469 /* play_btn.png */,
				B58B1558182AE3AA00FC1469 /* play.png */,
				B58B1556182ADE1D00FC1469 /* config.png */,
			);
			name = "New UI";
			sourceTree = "<group>";
		};
		B58B155A182AE47C00FC1469 /* newUi */ = {
			isa = PBXGroup;
			children = (
				B58B157E182B148700FC1469 /* cellView */,
				B58B155B182AE58F00FC1469 /* MADEventosVC.h */,
				B58B155C182AE58F00FC1469 /* MADEventosVC.m */,
			);
			name = newUi;
			sourceTree = "<group>";
		};
		B58B157E182B148700FC1469 /* cellView */ = {
			isa = PBXGroup;
			children = (
				B58B1562182AE99800FC1469 /* MADEventoViewCell.h */,
				B58B1563182AE99800FC1469 /* MADEventoViewCell.m */,
				B58B157B182B133000FC1469 /* MADEventoProxViewCell.h */,
				B58B157C182B133100FC1469 /* MADEventoProxViewCell.m */,
			);
			name = cellView;
			sourceTree = "<group>";
		};
		B591287F182BEDA3002F74A5 /* network */ = {
			isa = PBXGroup;
			children = (
				B5912880182BEDAE002F74A5 /* Reachability.h */,
				B5912881182BEDAE002F74A5 /* Reachability.m */,
				B5912894182C3023002F74A5 /* Constantes.h */,
			);
			name = network;
			sourceTree = "<group>";
		};
		B5912889182BF984002F74A5 /* network */ = {
			isa = PBXGroup;
			children = (
				B591288A182BF9F4002F74A5 /* MADNetworkViewController.h */,
				B591288B182BF9F4002F74A5 /* MADNetworkViewController.m */,
			);
			name = network;
			sourceTree = "<group>";
		};
		B591288D182C0297002F74A5 /* Configuracion */ = {
			isa = PBXGroup;
			children = (
			);
			name = Configuracion;
			sourceTree = "<group>";
		};
		B5ED791518203065002D9A76 /* OAuth */ = {
			isa = PBXGroup;
			children = (
				B5FC183A182734F900938D8D /* MADLoginViewController.h */,
				B5FC183B182734F900938D8D /* MADLoginViewController.m */,
				B5ED791C182038F5002D9A76 /* MADAutenticacionViewController.h */,
				B5ED791D182038F5002D9A76 /* MADAutenticacionViewController.m */,
			);
			name = OAuth;
			sourceTree = "<group>";
		};
		B5ED791F18204D7F002D9A76 /* Eventos */ = {
			isa = PBXGroup;
			children = (
				B5912889182BF984002F74A5 /* network */,
				B58B155A182AE47C00FC1469 /* newUi */,
				B58B154E182ABB1600FC1469 /* mapa */,
				B58B154D182AB68000FC1469 /* visor */,
			);
			name = Eventos;
			sourceTree = "<group>";
		};
		B5ED7923182059F8002D9A76 /* BackEnd */ = {
			isa = PBXGroup;
			children = (
				B5ED792418205A2F002D9A76 /* MADBackend.h */,
				B5ED792518205A2F002D9A76 /* MADBackend.m */,
				B534048F18259A54007DD8DE /* MADMeetup.h */,
				B534049018259A54007DD8DE /* MADMeetup.m */,
				B534049218259B91007DD8DE /* MADMeetupDireccion.h */,
				B534049318259B91007DD8DE /* MADMeetupDireccion.m */,
				B5E0F1FF182FF3510015DACF /* MADEventoCalendario.h */,
				B5E0F200182FF3510015DACF /* MADEventoCalendario.m */,
			);
			name = BackEnd;
			sourceTree = "<group>";
		};
/* End PBXGroup section */

/* Begin PBXNativeTarget section */
		B548594018182EA000709B23 /* MadridJS */ = {
			isa = PBXNativeTarget;
			buildConfigurationList = B548597318182EA000709B23 /* Build configuration list for PBXNativeTarget "MadridJS" */;
			buildPhases = (
				B548593D18182EA000709B23 /* Sources */,
				B548593E18182EA000709B23 /* Frameworks */,
				B548593F18182EA000709B23 /* Resources */,
			);
			buildRules = (
			);
			dependencies = (
			);
			name = MadridJS;
			productName = MadridJS;
			productReference = B548594118182EA000709B23 /* MadridJS.app */;
			productType = "com.apple.product-type.application";
		};
		B548596118182EA000709B23 /* MadridJSTests */ = {
			isa = PBXNativeTarget;
			buildConfigurationList = B548597618182EA000709B23 /* Build configuration list for PBXNativeTarget "MadridJSTests" */;
			buildPhases = (
				B548595E18182EA000709B23 /* Sources */,
				B548595F18182EA000709B23 /* Frameworks */,
				B548596018182EA000709B23 /* Resources */,
			);
			buildRules = (
			);
			dependencies = (
				B548596818182EA000709B23 /* PBXTargetDependency */,
			);
			name = MadridJSTests;
			productName = MadridJSTests;
			productReference = B548596218182EA000709B23 /* MadridJSTests.xctest */;
			productType = "com.apple.product-type.bundle.unit-test";
		};
/* End PBXNativeTarget section */

/* Begin PBXProject section */
		B548593918182EA000709B23 /* Project object */ = {
			isa = PBXProject;
			attributes = {
				CLASSPREFIX = ER9;
				LastUpgradeCheck = 0500;
				ORGANIZATIONNAME = "Cesar Luis Valdez";
				TargetAttributes = {
					B548596118182EA000709B23 = {
						TestTargetID = B548594018182EA000709B23;
					};
				};
			};
			buildConfigurationList = B548593C18182EA000709B23 /* Build configuration list for PBXProject "MadridJS" */;
			compatibilityVersion = "Xcode 3.2";
			developmentRegion = English;
			hasScannedForEncodings = 0;
			knownRegions = (
				en,
				Base,
			);
			mainGroup = B548593818182EA000709B23;
			productRefGroup = B548594218182EA000709B23 /* Products */;
			projectDirPath = "";
			projectRoot = "";
			targets = (
				B548594018182EA000709B23 /* MadridJS */,
				B548596118182EA000709B23 /* MadridJSTests */,
			);
		};
/* End PBXProject section */

/* Begin PBXResourcesBuildPhase section */
		B548593F18182EA000709B23 /* Resources */ = {
			isa = PBXResourcesBuildPhase;
			buildActionMask = 2147483647;
			files = (
				B548597F1818336A00709B23 /* Bar-Chart@2x.png in Resources */,
				B54859881818414000709B23 /* calendar.png in Resources */,
				B5912886182BF2D7002F74A5 /* refresh_btn_v1.png in Resources */,
				B548598B181842E700709B23 /* calendar_48_48.png in Resources */,
				B548597D1818336A00709B23 /* Bar-Chart.png in Resources */,
				B58B1566182AF49300FC1469 /* play_btn.png in Resources */,
				B58B156E182AFC2900FC1469 /* play_btn_ortransp_v2.png in Resources */,
				B548598E1818438D00709B23 /* share_48x48.png in Resources */,
				B58B1572182B00A600FC1469 /* doc_btn_v1.png in Resources */,
				B57A3A8718293EE000E477A5 /* info.png in Resources */,
				B58B1578182B10EE00FC1469 /* mapa_btn_v1.png in Resources */,
				B58B156C182AFA5100FC1469 /* play_btn_ortransp.png in Resources */,
				B57A3A8918293F9400E477A5 /* user.png in Resources */,
				B52CA76518185C9D0021E14E /* doc_48x48.png in Resources */,
				B58B1557182ADE1D00FC1469 /* config.png in Resources */,
				B58B1576182B04A400FC1469 /* info_btn_v1.png in Resources */,
				B548595D18182EA000709B23 /* Images.xcassets in Resources */,
				B545509C1821C02200A07FA0 /* madridjs.png in Resources */,
				B52CA76218185B8A0021E14E /* video_48x48.png in Resources */,
				B5485985181833E300709B23 /* Browse-3@2x.png in Resources */,
				B58B157A182B128600FC1469 /* calendario_btn_v1.png in Resources */,
				B58B1559182AE3AA00FC1469 /* play.png in Resources */,
				B5912888182BF4F1002F74A5 /* refresh_btn_v2.png in Resources */,
				B548594F18182EA000709B23 /* InfoPlist.strings in Resources */,
				B548595818182EA000709B23 /* Main.storyboard in Resources */,
				B52CA76818185DF40021E14E /* directions_48x48.png in Resources */,
				B58B1570182AFCA800FC1469 /* play_btn_ortransp_v3.png in Resources */,
				B52CA75F18184E9A0021E14E /* location_48x48.png in Resources */,
				B58B1568182AF6B700FC1469 /* play_btn_orange.png in Resources */,
				B5485983181833E300709B23 /* Browse-3.png in Resources */,
			);
			runOnlyForDeploymentPostprocessing = 0;
		};
		B548596018182EA000709B23 /* Resources */ = {
			isa = PBXResourcesBuildPhase;
			buildActionMask = 2147483647;
			files = (
				B5485986181833E300709B23 /* Browse-3@2x.png in Resources */,
				B548597E1818336A00709B23 /* Bar-Chart.png in Resources */,
				B5485984181833E300709B23 /* Browse-3.png in Resources */,
				B548598C181842E700709B23 /* calendar_48_48.png in Resources */,
				B548598F1818438D00709B23 /* share_48x48.png in Resources */,
				B54859801818336A00709B23 /* Bar-Chart@2x.png in Resources */,
				B52CA76318185B8A0021E14E /* video_48x48.png in Resources */,
				B52CA76618185C9D0021E14E /* doc_48x48.png in Resources */,
				B548596E18182EA000709B23 /* InfoPlist.strings in Resources */,
				B54859891818414000709B23 /* calendar.png in Resources */,
				B52CA76018184E9A0021E14E /* location_48x48.png in Resources */,
				B52CA76918185DF40021E14E /* directions_48x48.png in Resources */,
			);
			runOnlyForDeploymentPostprocessing = 0;
		};
/* End PBXResourcesBuildPhase section */

/* Begin PBXSourcesBuildPhase section */
		B548593D18182EA000709B23 /* Sources */ = {
			isa = PBXSourcesBuildPhase;
			buildActionMask = 2147483647;
			files = (
				B5FC183C182734F900938D8D /* MADLoginViewController.m in Sources */,
				B5ED791E182038F5002D9A76 /* MADAutenticacionViewController.m in Sources */,
				B58B1564182AE99800FC1469 /* MADEventoViewCell.m in Sources */,
				B5310DBD18282FE90066B539 /* MADPasadoViewController.m in Sources */,
				B58B155D182AE58F00FC1469 /* MADEventosVC.m in Sources */,
				B58B1554182AC42700FC1469 /* MADAnotacion.m in Sources */,
				B58B1551182ABB3600FC1469 /* MADMapa.m in Sources */,
				B57A3A8D182942C800E477A5 /* MADUtil.m in Sources */,
				B5912882182BEDAE002F74A5 /* Reachability.m in Sources */,
				B534049418259B91007DD8DE /* MADMeetupDireccion.m in Sources */,
				B5E0F201182FF3510015DACF /* MADEventoCalendario.m in Sources */,
				B5ED792618205A2F002D9A76 /* MADBackend.m in Sources */,
				B534049118259A54007DD8DE /* MADMeetup.m in Sources */,
				B591288C182BF9F4002F74A5 /* MADNetworkViewController.m in Sources */,
				B58B157D182B133100FC1469 /* MADEventoProxViewCell.m in Sources */,
				B548595118182EA000709B23 /* main.m in Sources */,
				B548595518182EA000709B23 /* ER9AppDelegate.m in Sources */,
			);
			runOnlyForDeploymentPostprocessing = 0;
		};
		B548595E18182EA000709B23 /* Sources */ = {
			isa = PBXSourcesBuildPhase;
			buildActionMask = 2147483647;
			files = (
				B548597018182EA000709B23 /* MadridJSTests.m in Sources */,
			);
			runOnlyForDeploymentPostprocessing = 0;
		};
/* End PBXSourcesBuildPhase section */

/* Begin PBXTargetDependency section */
		B548596818182EA000709B23 /* PBXTargetDependency */ = {
			isa = PBXTargetDependency;
			target = B548594018182EA000709B23 /* MadridJS */;
			targetProxy = B548596718182EA000709B23 /* PBXContainerItemProxy */;
		};
/* End PBXTargetDependency section */

/* Begin PBXVariantGroup section */
		B548594D18182EA000709B23 /* InfoPlist.strings */ = {
			isa = PBXVariantGroup;
			children = (
				B548594E18182EA000709B23 /* en */,
			);
			name = InfoPlist.strings;
			sourceTree = "<group>";
		};
		B548595618182EA000709B23 /* Main.storyboard */ = {
			isa = PBXVariantGroup;
			children = (
				B548595718182EA000709B23 /* Base */,
			);
			name = Main.storyboard;
			sourceTree = "<group>";
		};
		B548596C18182EA000709B23 /* InfoPlist.strings */ = {
			isa = PBXVariantGroup;
			children = (
				B548596D18182EA000709B23 /* en */,
			);
			name = InfoPlist.strings;
			sourceTree = "<group>";
		};
/* End PBXVariantGroup section */

/* Begin XCBuildConfiguration section */
		B548597118182EA000709B23 /* Debug */ = {
			isa = XCBuildConfiguration;
			buildSettings = {
				ALWAYS_SEARCH_USER_PATHS = NO;
				ARCHS = "$(ARCHS_STANDARD_INCLUDING_64_BIT)";
				CLANG_CXX_LANGUAGE_STANDARD = "gnu++0x";
				CLANG_CXX_LIBRARY = "libc++";
				CLANG_ENABLE_MODULES = YES;
				CLANG_ENABLE_OBJC_ARC = YES;
				CLANG_WARN_BOOL_CONVERSION = YES;
				CLANG_WARN_CONSTANT_CONVERSION = YES;
				CLANG_WARN_DIRECT_OBJC_ISA_USAGE = YES_ERROR;
				CLANG_WARN_EMPTY_BODY = YES;
				CLANG_WARN_ENUM_CONVERSION = YES;
				CLANG_WARN_INT_CONVERSION = YES;
				CLANG_WARN_OBJC_ROOT_CLASS = YES_ERROR;
				CLANG_WARN__DUPLICATE_METHOD_MATCH = YES;
				"CODE_SIGN_IDENTITY[sdk=iphoneos*]" = "iPhone Developer";
				COPY_PHASE_STRIP = NO;
				GCC_C_LANGUAGE_STANDARD = gnu99;
				GCC_DYNAMIC_NO_PIC = NO;
				GCC_OPTIMIZATION_LEVEL = 0;
				GCC_PREPROCESSOR_DEFINITIONS = (
					"DEBUG=1",
					"$(inherited)",
				);
				GCC_SYMBOLS_PRIVATE_EXTERN = NO;
				GCC_WARN_64_TO_32_BIT_CONVERSION = YES;
				GCC_WARN_ABOUT_RETURN_TYPE = YES_ERROR;
				GCC_WARN_UNDECLARED_SELECTOR = YES;
				GCC_WARN_UNINITIALIZED_AUTOS = YES;
				GCC_WARN_UNUSED_FUNCTION = YES;
				GCC_WARN_UNUSED_VARIABLE = YES;
				IPHONEOS_DEPLOYMENT_TARGET = 7.0;
				ONLY_ACTIVE_ARCH = YES;
				SDKROOT = iphoneos;
			};
			name = Debug;
		};
		B548597218182EA000709B23 /* Release */ = {
			isa = XCBuildConfiguration;
			buildSettings = {
				ALWAYS_SEARCH_USER_PATHS = NO;
				ARCHS = "$(ARCHS_STANDARD_INCLUDING_64_BIT)";
				CLANG_CXX_LANGUAGE_STANDARD = "gnu++0x";
				CLANG_CXX_LIBRARY = "libc++";
				CLANG_ENABLE_MODULES = YES;
				CLANG_ENABLE_OBJC_ARC = YES;
				CLANG_WARN_BOOL_CONVERSION = YES;
				CLANG_WARN_CONSTANT_CONVERSION = YES;
				CLANG_WARN_DIRECT_OBJC_ISA_USAGE = YES_ERROR;
				CLANG_WARN_EMPTY_BODY = YES;
				CLANG_WARN_ENUM_CONVERSION = YES;
				CLANG_WARN_INT_CONVERSION = YES;
				CLANG_WARN_OBJC_ROOT_CLASS = YES_ERROR;
				CLANG_WARN__DUPLICATE_METHOD_MATCH = YES;
				"CODE_SIGN_IDENTITY[sdk=iphoneos*]" = "iPhone Developer";
				COPY_PHASE_STRIP = YES;
				ENABLE_NS_ASSERTIONS = NO;
				GCC_C_LANGUAGE_STANDARD = gnu99;
				GCC_WARN_64_TO_32_BIT_CONVERSION = YES;
				GCC_WARN_ABOUT_RETURN_TYPE = YES_ERROR;
				GCC_WARN_UNDECLARED_SELECTOR = YES;
				GCC_WARN_UNINITIALIZED_AUTOS = YES;
				GCC_WARN_UNUSED_FUNCTION = YES;
				GCC_WARN_UNUSED_VARIABLE = YES;
				IPHONEOS_DEPLOYMENT_TARGET = 7.0;
				SDKROOT = iphoneos;
				VALIDATE_PRODUCT = YES;
			};
			name = Release;
		};
		B548597418182EA000709B23 /* Debug */ = {
			isa = XCBuildConfiguration;
			buildSettings = {
				ASSETCATALOG_COMPILER_APPICON_NAME = AppIcon;
				ASSETCATALOG_COMPILER_LAUNCHIMAGE_NAME = LaunchImage;
				CODE_SIGN_IDENTITY = "iPhone Developer";
				GCC_PRECOMPILE_PREFIX_HEADER = YES;
				GCC_PREFIX_HEADER = "MadridJS/MadridJS-Prefix.pch";
				INFOPLIST_FILE = "MadridJS/MadridJS-Info.plist";
				PRODUCT_NAME = "$(TARGET_NAME)";
				WRAPPER_EXTENSION = app;
			};
			name = Debug;
		};
		B548597518182EA000709B23 /* Release */ = {
			isa = XCBuildConfiguration;
			buildSettings = {
				ASSETCATALOG_COMPILER_APPICON_NAME = AppIcon;
				ASSETCATALOG_COMPILER_LAUNCHIMAGE_NAME = LaunchImage;
				CODE_SIGN_IDENTITY = "iPhone Developer";
				GCC_PRECOMPILE_PREFIX_HEADER = YES;
				GCC_PREFIX_HEADER = "MadridJS/MadridJS-Prefix.pch";
				INFOPLIST_FILE = "MadridJS/MadridJS-Info.plist";
				PRODUCT_NAME = "$(TARGET_NAME)";
				WRAPPER_EXTENSION = app;
			};
			name = Release;
		};
		B548597718182EA000709B23 /* Debug */ = {
			isa = XCBuildConfiguration;
			buildSettings = {
				ARCHS = "$(ARCHS_STANDARD_INCLUDING_64_BIT)";
				BUNDLE_LOADER = "$(BUILT_PRODUCTS_DIR)/MadridJS.app/MadridJS";
				FRAMEWORK_SEARCH_PATHS = (
					"$(SDKROOT)/Developer/Library/Frameworks",
					"$(inherited)",
					"$(DEVELOPER_FRAMEWORKS_DIR)",
				);
				GCC_PRECOMPILE_PREFIX_HEADER = YES;
				GCC_PREFIX_HEADER = "MadridJS/MadridJS-Prefix.pch";
				GCC_PREPROCESSOR_DEFINITIONS = (
					"DEBUG=1",
					"$(inherited)",
				);
				INFOPLIST_FILE = "MadridJSTests/MadridJSTests-Info.plist";
				PRODUCT_NAME = "$(TARGET_NAME)";
				TEST_HOST = "$(BUNDLE_LOADER)";
				WRAPPER_EXTENSION = xctest;
			};
			name = Debug;
		};
		B548597818182EA000709B23 /* Release */ = {
			isa = XCBuildConfiguration;
			buildSettings = {
				ARCHS = "$(ARCHS_STANDARD_INCLUDING_64_BIT)";
				BUNDLE_LOADER = "$(BUILT_PRODUCTS_DIR)/MadridJS.app/MadridJS";
				FRAMEWORK_SEARCH_PATHS = (
					"$(SDKROOT)/Developer/Library/Frameworks",
					"$(inherited)",
					"$(DEVELOPER_FRAMEWORKS_DIR)",
				);
				GCC_PRECOMPILE_PREFIX_HEADER = YES;
				GCC_PREFIX_HEADER = "MadridJS/MadridJS-Prefix.pch";
				INFOPLIST_FILE = "MadridJSTests/MadridJSTests-Info.plist";
				PRODUCT_NAME = "$(TARGET_NAME)";
				TEST_HOST = "$(BUNDLE_LOADER)";
				WRAPPER_EXTENSION = xctest;
			};
			name = Release;
		};
/* End XCBuildConfiguration section */

/* Begin XCConfigurationList section */
		B548593C18182EA000709B23 /* Build configuration list for PBXProject "MadridJS" */ = {
			isa = XCConfigurationList;
			buildConfigurations = (
				B548597118182EA000709B23 /* Debug */,
				B548597218182EA000709B23 /* Release */,
			);
			defaultConfigurationIsVisible = 0;
			defaultConfigurationName = Release;
		};
		B548597318182EA000709B23 /* Build configuration list for PBXNativeTarget "MadridJS" */ = {
			isa = XCConfigurationList;
			buildConfigurations = (
				B548597418182EA000709B23 /* Debug */,
				B548597518182EA000709B23 /* Release */,
			);
			defaultConfigurationIsVisible = 0;
			defaultConfigurationName = Release;
		};
		B548597618182EA000709B23 /* Build configuration list for PBXNativeTarget "MadridJSTests" */ = {
			isa = XCConfigurationList;
			buildConfigurations = (
				B548597718182EA000709B23 /* Debug */,
				B548597818182EA000709B23 /* Release */,
			);
			defaultConfigurationIsVisible = 0;
			defaultConfigurationName = Release;
		};
/* End XCConfigurationList section */
	};
	rootObject = B548593918182EA000709B23 /* Project object */;
}
